// !$*UTF8*$!
{
	archiveVersion = 1;
	classes = {
	};
	objectVersion = 77;
	objects = {

/* Begin PBXBuildFile section */
		10E22BA72D574A2D00F94A6E /* XCTest.framework in Frameworks */ = {isa = PBXBuildFile; fileRef = 10E22BA62D574A2D00F94A6E /* XCTest.framework */; };
		10E22BA82D574A2D00F94A6E /* XCTest.framework in Embed Frameworks */ = {isa = PBXBuildFile; fileRef = 10E22BA62D574A2D00F94A6E /* XCTest.framework */; settings = {ATTRIBUTES = (CodeSignOnCopy, RemoveHeadersOnCopy, ); }; };
		10E22BB72D576BB100F94A6E /* tick.wav in Resources */ = {isa = PBXBuildFile; fileRef = 10E22BB62D576BB100F94A6E /* tick.wav */; };
/* End PBXBuildFile section */

/* Begin PBXContainerItemProxy section */
		10E22B882D5748D200F94A6E /* PBXContainerItemProxy */ = {
			isa = PBXContainerItemProxy;
			containerPortal = 10E22B6B2D5748CF00F94A6E /* Project object */;
			proxyType = 1;
			remoteGlobalIDString = 10E22B722D5748CF00F94A6E;
			remoteInfo = "First thing first";
		};
		10E22B922D5748D200F94A6E /* PBXContainerItemProxy */ = {
			isa = PBXContainerItemProxy;
			containerPortal = 10E22B6B2D5748CF00F94A6E /* Project object */;
			proxyType = 1;
			remoteGlobalIDString = 10E22B722D5748CF00F94A6E;
			remoteInfo = "First thing first";
		};
/* End PBXContainerItemProxy section */

/* Begin PBXCopyFilesBuildPhase section */
		10E22BA92D574A2D00F94A6E /* Embed Frameworks */ = {
			isa = PBXCopyFilesBuildPhase;
			buildActionMask = 2147483647;
			dstPath = "";
			dstSubfolderSpec = 10;
			files = (
				10E22BA82D574A2D00F94A6E /* XCTest.framework in Embed Frameworks */,
			);
			name = "Embed Frameworks";
			runOnlyForDeploymentPostprocessing = 0;
		};
/* End PBXCopyFilesBuildPhase section */

/* Begin PBXFileReference section */
		10E22B732D5748CF00F94A6E /* First thing first.app */ = {isa = PBXFileReference; explicitFileType = wrapper.application; includeInIndex = 0; path = "First thing first.app"; sourceTree = BUILT_PRODUCTS_DIR; };
		10E22B872D5748D200F94A6E /* First thing firstTests.xctest */ = {isa = PBXFileReference; explicitFileType = wrapper.cfbundle; includeInIndex = 0; path = "First thing firstTests.xctest"; sourceTree = BUILT_PRODUCTS_DIR; };
		10E22B912D5748D200F94A6E /* First thing firstUITests.xctest */ = {isa = PBXFileReference; explicitFileType = wrapper.cfbundle; includeInIndex = 0; path = "First thing firstUITests.xctest"; sourceTree = BUILT_PRODUCTS_DIR; };
		10E22BA62D574A2D00F94A6E /* XCTest.framework */ = {isa = PBXFileReference; lastKnownFileType = wrapper.framework; name = XCTest.framework; path = Platforms/MacOSX.platform/Developer/Library/Frameworks/XCTest.framework; sourceTree = DEVELOPER_DIR; };
		10E22BB62D576BB100F94A6E /* tick.wav */ = {isa = PBXFileReference; lastKnownFileType = audio.wav; path = tick.wav; sourceTree = "<group>"; };
/* End PBXFileReference section */

/* Begin PBXFileSystemSynchronizedBuildFileExceptionSet section */
		10E22B992D5748D200F94A6E /* Exceptions for "First thing first" folder in "First thing first" target */ = {
			isa = PBXFileSystemSynchronizedBuildFileExceptionSet;
			membershipExceptions = (
				Info.plist,
			);
			target = 10E22B722D5748CF00F94A6E /* First thing first */;
		};
/* End PBXFileSystemSynchronizedBuildFileExceptionSet section */

/* Begin PBXFileSystemSynchronizedRootGroup section */
		10E22B752D5748CF00F94A6E /* First thing first */ = {
			isa = PBXFileSystemSynchronizedRootGroup;
			exceptions = (
				10E22B992D5748D200F94A6E /* Exceptions for "First thing first" folder in "First thing first" target */,
			);
			path = "First thing first";
			sourceTree = "<group>";
		};
		10E22B8A2D5748D200F94A6E /* First thing firstTests */ = {
			isa = PBXFileSystemSynchronizedRootGroup;
			path = "First thing firstTests";
			sourceTree = "<group>";
		};
		10E22B942D5748D200F94A6E /* First thing firstUITests */ = {
			isa = PBXFileSystemSynchronizedRootGroup;
			path = "First thing firstUITests";
			sourceTree = "<group>";
		};
/* End PBXFileSystemSynchronizedRootGroup section */

/* Begin PBXFrameworksBuildPhase section */
		10E22B702D5748CF00F94A6E /* Frameworks */ = {
			isa = PBXFrameworksBuildPhase;
			buildActionMask = 2147483647;
			files = (
			);
			runOnlyForDeploymentPostprocessing = 0;
		};
		10E22B842D5748D200F94A6E /* Frameworks */ = {
			isa = PBXFrameworksBuildPhase;
			buildActionMask = 2147483647;
			files = (
				10E22BA72D574A2D00F94A6E /* XCTest.framework in Frameworks */,
			);
			runOnlyForDeploymentPostprocessing = 0;
		};
		10E22B8E2D5748D200F94A6E /* Frameworks */ = {
			isa = PBXFrameworksBuildPhase;
			buildActionMask = 2147483647;
			files = (
			);
			runOnlyForDeploymentPostprocessing = 0;
		};
/* End PBXFrameworksBuildPhase section */

/* Begin PBXGroup section */
		10E22B6A2D5748CF00F94A6E = {
			isa = PBXGroup;
			children = (
				10E22B752D5748CF00F94A6E /* First thing first */,
				10E22B8A2D5748D200F94A6E /* First thing firstTests */,
				10E22B942D5748D200F94A6E /* First thing firstUITests */,
				10E22BA52D574A2C00F94A6E /* Frameworks */,
				10E22B742D5748CF00F94A6E /* Products */,
				10E22BB62D576BB100F94A6E /* tick.wav */,
			);
			sourceTree = "<group>";
		};
		10E22B742D5748CF00F94A6E /* Products */ = {
			isa = PBXGroup;
			children = (
				10E22B732D5748CF00F94A6E /* First thing first.app */,
				10E22B872D5748D200F94A6E /* First thing firstTests.xctest */,
				10E22B912D5748D200F94A6E /* First thing firstUITests.xctest */,
			);
			name = Products;
			sourceTree = "<group>";
		};
		10E22BA52D574A2C00F94A6E /* Frameworks */ = {
			isa = PBXGroup;
			children = (
				10E22BA62D574A2D00F94A6E /* XCTest.framework */,
			);
			name = Frameworks;
			sourceTree = "<group>";
		};
/* End PBXGroup section */

/* Begin PBXNativeTarget section */
		10E22B722D5748CF00F94A6E /* First thing first */ = {
			isa = PBXNativeTarget;
			buildConfigurationList = 10E22B9A2D5748D200F94A6E /* Build configuration list for PBXNativeTarget "First thing first" */;
			buildPhases = (
				10E22B6F2D5748CF00F94A6E /* Sources */,
				10E22B702D5748CF00F94A6E /* Frameworks */,
				10E22B712D5748CF00F94A6E /* Resources */,
			);
			buildRules = (
			);
			dependencies = (
			);
			fileSystemSynchronizedGroups = (
				10E22B752D5748CF00F94A6E /* First thing first */,
			);
			name = "First thing first";
			packageProductDependencies = (
			);
			productName = "First thing first";
			productReference = 10E22B732D5748CF00F94A6E /* First thing first.app */;
			productType = "com.apple.product-type.application";
		};
		10E22B862D5748D200F94A6E /* First thing firstTests */ = {
			isa = PBXNativeTarget;
			buildConfigurationList = 10E22B9F2D5748D200F94A6E /* Build configuration list for PBXNativeTarget "First thing firstTests" */;
			buildPhases = (
				10E22B832D5748D200F94A6E /* Sources */,
				10E22B842D5748D200F94A6E /* Frameworks */,
				10E22B852D5748D200F94A6E /* Resources */,
				10E22BA92D574A2D00F94A6E /* Embed Frameworks */,
			);
			buildRules = (
			);
			dependencies = (
				10E22B892D5748D200F94A6E /* PBXTargetDependency */,
			);
			fileSystemSynchronizedGroups = (
				10E22B8A2D5748D200F94A6E /* First thing firstTests */,
			);
			name = "First thing firstTests";
			packageProductDependencies = (
			);
			productName = "First thing firstTests";
			productReference = 10E22B872D5748D200F94A6E /* First thing firstTests.xctest */;
			productType = "com.apple.product-type.bundle.unit-test";
		};
		10E22B902D5748D200F94A6E /* First thing firstUITests */ = {
			isa = PBXNativeTarget;
			buildConfigurationList = 10E22BA22D5748D200F94A6E /* Build configuration list for PBXNativeTarget "First thing firstUITests" */;
			buildPhases = (
				10E22B8D2D5748D200F94A6E /* Sources */,
				10E22B8E2D5748D200F94A6E /* Frameworks */,
				10E22B8F2D5748D200F94A6E /* Resources */,
			);
			buildRules = (
			);
			dependencies = (
				10E22B932D5748D200F94A6E /* PBXTargetDependency */,
			);
			fileSystemSynchronizedGroups = (
				10E22B942D5748D200F94A6E /* First thing firstUITests */,
			);
			name = "First thing firstUITests";
			packageProductDependencies = (
			);
			productName = "First thing firstUITests";
			productReference = 10E22B912D5748D200F94A6E /* First thing firstUITests.xctest */;
			productType = "com.apple.product-type.bundle.ui-testing";
		};
/* End PBXNativeTarget section */

/* Begin PBXProject section */
		10E22B6B2D5748CF00F94A6E /* Project object */ = {
			isa = PBXProject;
			attributes = {
				BuildIndependentTargetsInParallel = 1;
				LastSwiftUpdateCheck = 1620;
				LastUpgradeCheck = 1620;
				TargetAttributes = {
					10E22B722D5748CF00F94A6E = {
						CreatedOnToolsVersion = 16.2;
					};
					10E22B862D5748D200F94A6E = {
						CreatedOnToolsVersion = 16.2;
						TestTargetID = 10E22B722D5748CF00F94A6E;
					};
					10E22B902D5748D200F94A6E = {
						CreatedOnToolsVersion = 16.2;
						TestTargetID = 10E22B722D5748CF00F94A6E;
					};
				};
			};
			buildConfigurationList = 10E22B6E2D5748CF00F94A6E /* Build configuration list for PBXProject "First thing first" */;
			developmentRegion = en;
			hasScannedForEncodings = 0;
			knownRegions = (
				en,
				Base,
			);
			mainGroup = 10E22B6A2D5748CF00F94A6E;
			minimizedProjectReferenceProxies = 1;
			preferredProjectObjectVersion = 77;
			productRefGroup = 10E22B742D5748CF00F94A6E /* Products */;
			projectDirPath = "";
			projectRoot = "";
			targets = (
				10E22B722D5748CF00F94A6E /* First thing first */,
				10E22B862D5748D200F94A6E /* First thing firstTests */,
				10E22B902D5748D200F94A6E /* First thing firstUITests */,
			);
		};
/* End PBXProject section */

/* Begin PBXResourcesBuildPhase section */
		10E22B712D5748CF00F94A6E /* Resources */ = {
			isa = PBXResourcesBuildPhase;
			buildActionMask = 2147483647;
			files = (
				10E22BB72D576BB100F94A6E /* tick.wav in Resources */,
			);
			runOnlyForDeploymentPostprocessing = 0;
		};
		10E22B852D5748D200F94A6E /* Resources */ = {
			isa = PBXResourcesBuildPhase;
			buildActionMask = 2147483647;
			files = (
			);
			runOnlyForDeploymentPostprocessing = 0;
		};
		10E22B8F2D5748D200F94A6E /* Resources */ = {
			isa = PBXResourcesBuildPhase;
			buildActionMask = 2147483647;
			files = (
			);
			runOnlyForDeploymentPostprocessing = 0;
		};
/* End PBXResourcesBuildPhase section */

/* Begin PBXSourcesBuildPhase section */
		10E22B6F2D5748CF00F94A6E /* Sources */ = {
			isa = PBXSourcesBuildPhase;
			buildActionMask = 2147483647;
			files = (
			);
			runOnlyForDeploymentPostprocessing = 0;
		};
		10E22B832D5748D200F94A6E /* Sources */ = {
			isa = PBXSourcesBuildPhase;
			buildActionMask = 2147483647;
			files = (
			);
			runOnlyForDeploymentPostprocessing = 0;
		};
		10E22B8D2D5748D200F94A6E /* Sources */ = {
			isa = PBXSourcesBuildPhase;
			buildActionMask = 2147483647;
			files = (
			);
			runOnlyForDeploymentPostprocessing = 0;
		};
/* End PBXSourcesBuildPhase section */

/* Begin PBXTargetDependency section */
		10E22B892D5748D200F94A6E /* PBXTargetDependency */ = {
			isa = PBXTargetDependency;
			target = 10E22B722D5748CF00F94A6E /* First thing first */;
			targetProxy = 10E22B882D5748D200F94A6E /* PBXContainerItemProxy */;
		};
		10E22B932D5748D200F94A6E /* PBXTargetDependency */ = {
			isa = PBXTargetDependency;
			target = 10E22B722D5748CF00F94A6E /* First thing first */;
			targetProxy = 10E22B922D5748D200F94A6E /* PBXContainerItemProxy */;
		};
/* End PBXTargetDependency section */

/* Begin XCBuildConfiguration section */
		10E22B9B2D5748D200F94A6E /* Debug */ = {
			isa = XCBuildConfiguration;
			buildSettings = {
				ASSETCATALOG_COMPILER_APPICON_NAME = AppIcon;
				ASSETCATALOG_COMPILER_GLOBAL_ACCENT_COLOR_NAME = AccentColor;
				CODE_SIGN_ENTITLEMENTS = "First thing first/First_thing_first.entitlements";
				CODE_SIGN_STYLE = Automatic;
				CURRENT_PROJECT_VERSION = 1;
				DEVELOPMENT_ASSET_PATHS = "\"First thing first/Preview Content\"";
				DEVELOPMENT_TEAM = CCVJR9P725;
				ENABLE_HARDENED_RUNTIME = YES;
				ENABLE_PREVIEWS = YES;
				GENERATE_INFOPLIST_FILE = YES;
				INFOPLIST_FILE = "First thing first/Info.plist";
				"INFOPLIST_KEY_UIApplicationSceneManifest_Generation[sdk=iphoneos*]" = YES;
				"INFOPLIST_KEY_UIApplicationSceneManifest_Generation[sdk=iphonesimulator*]" = YES;
				"INFOPLIST_KEY_UIApplicationSupportsIndirectInputEvents[sdk=iphoneos*]" = YES;
				"INFOPLIST_KEY_UIApplicationSupportsIndirectInputEvents[sdk=iphonesimulator*]" = YES;
				"INFOPLIST_KEY_UILaunchScreen_Generation[sdk=iphoneos*]" = YES;
				"INFOPLIST_KEY_UILaunchScreen_Generation[sdk=iphonesimulator*]" = YES;
				"INFOPLIST_KEY_UIStatusBarStyle[sdk=iphoneos*]" = UIStatusBarStyleDefault;
				"INFOPLIST_KEY_UIStatusBarStyle[sdk=iphonesimulator*]" = UIStatusBarStyleDefault;
				INFOPLIST_KEY_UISupportedInterfaceOrientations_iPad = "UIInterfaceOrientationPortrait UIInterfaceOrientationPortraitUpsideDown UIInterfaceOrientationLandscapeLeft UIInterfaceOrientationLandscapeRight";
				INFOPLIST_KEY_UISupportedInterfaceOrientations_iPhone = "UIInterfaceOrientationPortrait UIInterfaceOrientationLandscapeLeft UIInterfaceOrientationLandscapeRight";
				IPHONEOS_DEPLOYMENT_TARGET = 18.2;
				LD_RUNPATH_SEARCH_PATHS = "@executable_path/Frameworks";
				"LD_RUNPATH_SEARCH_PATHS[sdk=macosx*]" = "@executable_path/../Frameworks";
				MACOSX_DEPLOYMENT_TARGET = 14.0;
				MARKETING_VERSION = 1.0;
				PRODUCT_BUNDLE_IDENTIFIER = "com.app.ftf.First-thing-first";
				PRODUCT_NAME = "$(TARGET_NAME)";
				SDKROOT = auto;
				SUPPORTED_PLATFORMS = "iphoneos iphonesimulator macosx xros xrsimulator";
				SWIFT_EMIT_LOC_STRINGS = YES;
				SWIFT_VERSION = 5.0;
				TARGETED_DEVICE_FAMILY = "1,2,7";
				XROS_DEPLOYMENT_TARGET = 2.2;
			};
			name = Debug;
		};
		10E22B9C2D5748D200F94A6E /* Release */ = {
			isa = XCBuildConfiguration;
			buildSettings = {
				ASSETCATALOG_COMPILER_APPICON_NAME = AppIcon;
				ASSETCATALOG_COMPILER_GLOBAL_ACCENT_COLOR_NAME = AccentColor;
				CODE_SIGN_ENTITLEMENTS = "First thing first/First_thing_first.entitlements";
				CODE_SIGN_STYLE = Automatic;
				CURRENT_PROJECT_VERSION = 1;
				DEVELOPMENT_ASSET_PATHS = "\"First thing first/Preview Content\"";
				DEVELOPMENT_TEAM = CCVJR9P725;
				ENABLE_HARDENED_RUNTIME = YES;
				ENABLE_PREVIEWS = YES;
				GENERATE_INFOPLIST_FILE = YES;
				INFOPLIST_FILE = "First thing first/Info.plist";
				"INFOPLIST_KEY_UIApplicationSceneManifest_Generation[sdk=iphoneos*]" = YES;
				"INFOPLIST_KEY_UIApplicationSceneManifest_Generation[sdk=iphonesimulator*]" = YES;
				"INFOPLIST_KEY_UIApplicationSupportsIndirectInputEvents[sdk=iphoneos*]" = YES;
				"INFOPLIST_KEY_UIApplicationSupportsIndirectInputEvents[sdk=iphonesimulator*]" = YES;
				"INFOPLIST_KEY_UILaunchScreen_Generation[sdk=iphoneos*]" = YES;
				"INFOPLIST_KEY_UILaunchScreen_Generation[sdk=iphonesimulator*]" = YES;
				"INFOPLIST_KEY_UIStatusBarStyle[sdk=iphoneos*]" = UIStatusBarStyleDefault;
				"INFOPLIST_KEY_UIStatusBarStyle[sdk=iphonesimulator*]" = UIStatusBarStyleDefault;
				INFOPLIST_KEY_UISupportedInterfaceOrientations_iPad = "UIInterfaceOrientationPortrait UIInterfaceOrientationPortraitUpsideDown UIInterfaceOrientationLandscapeLeft UIInterfaceOrientationLandscapeRight";
				INFOPLIST_KEY_UISupportedInterfaceOrientations_iPhone = "UIInterfaceOrientationPortrait UIInterfaceOrientationLandscapeLeft UIInterfaceOrientationLandscapeRight";
				IPHONEOS_DEPLOYMENT_TARGET = 18.2;
				LD_RUNPATH_SEARCH_PATHS = "@executable_path/Frameworks";
				"LD_RUNPATH_SEARCH_PATHS[sdk=macosx*]" = "@executable_path/../Frameworks";
				MACOSX_DEPLOYMENT_TARGET = 14.0;
				MARKETING_VERSION = 1.0;
				PRODUCT_BUNDLE_IDENTIFIER = "com.app.ftf.First-thing-first";
				PRODUCT_NAME = "$(TARGET_NAME)";
				SDKROOT = auto;
				SUPPORTED_PLATFORMS = "iphoneos iphonesimulator macosx xros xrsimulator";
				SWIFT_EMIT_LOC_STRINGS = YES;
				SWIFT_VERSION = 5.0;
				TARGETED_DEVICE_FAMILY = "1,2,7";
				XROS_DEPLOYMENT_TARGET = 2.2;
			};
			name = Release;
		};
		10E22B9D2D5748D200F94A6E /* Debug */ = {
			isa = XCBuildConfiguration;
			buildSettings = {
				ALWAYS_SEARCH_USER_PATHS = NO;
				ASSETCATALOG_COMPILER_GENERATE_SWIFT_ASSET_SYMBOL_EXTENSIONS = YES;
				CLANG_ANALYZER_NONNULL = YES;
				CLANG_ANALYZER_NUMBER_OBJECT_CONVERSION = YES_AGGRESSIVE;
				CLANG_CXX_LANGUAGE_STANDARD = "gnu++20";
				CLANG_ENABLE_MODULES = YES;
				CLANG_ENABLE_OBJC_ARC = YES;
				CLANG_ENABLE_OBJC_WEAK = YES;
				CLANG_WARN_BLOCK_CAPTURE_AUTORELEASING = YES;
				CLANG_WARN_BOOL_CONVERSION = YES;
				CLANG_WARN_COMMA = YES;
				CLANG_WARN_CONSTANT_CONVERSION = YES;
				CLANG_WARN_DEPRECATED_OBJC_IMPLEMENTATIONS = YES;
				CLANG_WARN_DIRECT_OBJC_ISA_USAGE = YES_ERROR;
				CLANG_WARN_DOCUMENTATION_COMMENTS = YES;
				CLANG_WARN_EMPTY_BODY = YES;
				CLANG_WARN_ENUM_CONVERSION = YES;
				CLANG_WARN_INFINITE_RECURSION = YES;
				CLANG_WARN_INT_CONVERSION = YES;
				CLANG_WARN_NON_LITERAL_NULL_CONVERSION = YES;
				CLANG_WARN_OBJC_IMPLICIT_RETAIN_SELF = YES;
				CLANG_WARN_OBJC_LITERAL_CONVERSION = YES;
				CLANG_WARN_OBJC_ROOT_CLASS = YES_ERROR;
				CLANG_WARN_QUOTED_INCLUDE_IN_FRAMEWORK_HEADER = YES;
				CLANG_WARN_RANGE_LOOP_ANALYSIS = YES;
				CLANG_WARN_STRICT_PROTOTYPES = YES;
				CLANG_WARN_SUSPICIOUS_MOVE = YES;
				CLANG_WARN_UNGUARDED_AVAILABILITY = YES_AGGRESSIVE;
				CLANG_WARN_UNREACHABLE_CODE = YES;
				CLANG_WARN__DUPLICATE_METHOD_MATCH = YES;
				COPY_PHASE_STRIP = NO;
				DEBUG_INFORMATION_FORMAT = dwarf;
				ENABLE_STRICT_OBJC_MSGSEND = YES;
				ENABLE_TESTABILITY = YES;
				ENABLE_USER_SCRIPT_SANDBOXING = YES;
				GCC_C_LANGUAGE_STANDARD = gnu17;
				GCC_DYNAMIC_NO_PIC = NO;
				GCC_NO_COMMON_BLOCKS = YES;
				GCC_OPTIMIZATION_LEVEL = 0;
				GCC_PREPROCESSOR_DEFINITIONS = (
					"DEBUG=1",
					"$(inherited)",
				);
				GCC_WARN_64_TO_32_BIT_CONVERSION = YES;
				GCC_WARN_ABOUT_RETURN_TYPE = YES_ERROR;
				GCC_WARN_UNDECLARED_SELECTOR = YES;
				GCC_WARN_UNINITIALIZED_AUTOS = YES_AGGRESSIVE;
				GCC_WARN_UNUSED_FUNCTION = YES;
				GCC_WARN_UNUSED_VARIABLE = YES;
				LOCALIZATION_PREFERS_STRING_CATALOGS = YES;
				MTL_ENABLE_DEBUG_INFO = INCLUDE_SOURCE;
				MTL_FAST_MATH = YES;
				ONLY_ACTIVE_ARCH = YES;
				SWIFT_ACTIVE_COMPILATION_CONDITIONS = "DEBUG $(inherited)";
				SWIFT_OPTIMIZATION_LEVEL = "-Onone";
			};
			name = Debug;
		};
		10E22B9E2D5748D200F94A6E /* Release */ = {
			isa = XCBuildConfiguration;
			buildSettings = {
				ALWAYS_SEARCH_USER_PATHS = NO;
				ASSETCATALOG_COMPILER_GENERATE_SWIFT_ASSET_SYMBOL_EXTENSIONS = YES;
				CLANG_ANALYZER_NONNULL = YES;
				CLANG_ANALYZER_NUMBER_OBJECT_CONVERSION = YES_AGGRESSIVE;
				CLANG_CXX_LANGUAGE_STANDARD = "gnu++20";
				CLANG_ENABLE_MODULES = YES;
				CLANG_ENABLE_OBJC_ARC = YES;
				CLANG_ENABLE_OBJC_WEAK = YES;
				CLANG_WARN_BLOCK_CAPTURE_AUTORELEASING = YES;
				CLANG_WARN_BOOL_CONVERSION = YES;
				CLANG_WARN_COMMA = YES;
				CLANG_WARN_CONSTANT_CONVERSION = YES;
				CLANG_WARN_DEPRECATED_OBJC_IMPLEMENTATIONS = YES;
				CLANG_WARN_DIRECT_OBJC_ISA_USAGE = YES_ERROR;
				CLANG_WARN_DOCUMENTATION_COMMENTS = YES;
				CLANG_WARN_EMPTY_BODY = YES;
				CLANG_WARN_ENUM_CONVERSION = YES;
				CLANG_WARN_INFINITE_RECURSION = YES;
				CLANG_WARN_INT_CONVERSION = YES;
				CLANG_WARN_NON_LITERAL_NULL_CONVERSION = YES;
				CLANG_WARN_OBJC_IMPLICIT_RETAIN_SELF = YES;
				CLANG_WARN_OBJC_LITERAL_CONVERSION = YES;
				CLANG_WARN_OBJC_ROOT_CLASS = YES_ERROR;
				CLANG_WARN_QUOTED_INCLUDE_IN_FRAMEWORK_HEADER = YES;
				CLANG_WARN_RANGE_LOOP_ANALYSIS = YES;
				CLANG_WARN_STRICT_PROTOTYPES = YES;
				CLANG_WARN_SUSPICIOUS_MOVE = YES;
				CLANG_WARN_UNGUARDED_AVAILABILITY = YES_AGGRESSIVE;
				CLANG_WARN_UNREACHABLE_CODE = YES;
				CLANG_WARN__DUPLICATE_METHOD_MATCH = YES;
				COPY_PHASE_STRIP = NO;
				DEBUG_INFORMATION_FORMAT = "dwarf-with-dsym";
				ENABLE_NS_ASSERTIONS = NO;
				ENABLE_STRICT_OBJC_MSGSEND = YES;
				ENABLE_USER_SCRIPT_SANDBOXING = YES;
				GCC_C_LANGUAGE_STANDARD = gnu17;
				GCC_NO_COMMON_BLOCKS = YES;
				GCC_WARN_64_TO_32_BIT_CONVERSION = YES;
				GCC_WARN_ABOUT_RETURN_TYPE = YES_ERROR;
				GCC_WARN_UNDECLARED_SELECTOR = YES;
				GCC_WARN_UNINITIALIZED_AUTOS = YES_AGGRESSIVE;
				GCC_WARN_UNUSED_FUNCTION = YES;
				GCC_WARN_UNUSED_VARIABLE = YES;
				LOCALIZATION_PREFERS_STRING_CATALOGS = YES;
				MTL_ENABLE_DEBUG_INFO = NO;
				MTL_FAST_MATH = YES;
				SWIFT_COMPILATION_MODE = wholemodule;
			};
			name = Release;
		};
		10E22BA02D5748D200F94A6E /* Debug */ = {
			isa = XCBuildConfiguration;
			buildSettings = {
				BUNDLE_LOADER = "$(TEST_HOST)";
				CODE_SIGN_STYLE = Automatic;
				CURRENT_PROJECT_VERSION = 1;
				DEVELOPMENT_TEAM = CCVJR9P725;
				GENERATE_INFOPLIST_FILE = YES;
				IPHONEOS_DEPLOYMENT_TARGET = 18.2;
				MACOSX_DEPLOYMENT_TARGET = 15.2;
				MARKETING_VERSION = 1.0;
				PRODUCT_BUNDLE_IDENTIFIER = "com.app.ftf.First-thing-firstTests";
				PRODUCT_NAME = "$(TARGET_NAME)";
				SDKROOT = auto;
				SUPPORTED_PLATFORMS = "iphoneos iphonesimulator macosx xros xrsimulator";
				SWIFT_EMIT_LOC_STRINGS = NO;
				SWIFT_VERSION = 5.0;
				TARGETED_DEVICE_FAMILY = "1,2,7";
				TEST_HOST = "$(BUILT_PRODUCTS_DIR)/First thing first.app/$(BUNDLE_EXECUTABLE_FOLDER_PATH)/First thing first";
				XROS_DEPLOYMENT_TARGET = 2.2;
			};
			name = Debug;
		};
		10E22BA12D5748D200F94A6E /* Release */ = {
			isa = XCBuildConfiguration;
			buildSettings = {
				BUNDLE_LOADER = "$(TEST_HOST)";
				CODE_SIGN_STYLE = Automatic;
				CURRENT_PROJECT_VERSION = 1;
				DEVELOPMENT_TEAM = CCVJR9P725;
				GENERATE_INFOPLIST_FILE = YES;
				IPHONEOS_DEPLOYMENT_TARGET = 18.2;
				MACOSX_DEPLOYMENT_TARGET = 15.2;
				MARKETING_VERSION = 1.0;
				PRODUCT_BUNDLE_IDENTIFIER = "com.app.ftf.First-thing-firstTests";
				PRODUCT_NAME = "$(TARGET_NAME)";
				SDKROOT = auto;
				SUPPORTED_PLATFORMS = "iphoneos iphonesimulator macosx xros xrsimulator";
				SWIFT_EMIT_LOC_STRINGS = NO;
				SWIFT_VERSION = 5.0;
				TARGETED_DEVICE_FAMILY = "1,2,7";
				TEST_HOST = "$(BUILT_PRODUCTS_DIR)/First thing first.app/$(BUNDLE_EXECUTABLE_FOLDER_PATH)/First thing first";
				XROS_DEPLOYMENT_TARGET = 2.2;
			};
			name = Release;
		};
		10E22BA32D5748D200F94A6E /* Debug */ = {
			isa = XCBuildConfiguration;
			buildSettings = {
				CODE_SIGN_STYLE = Automatic;
				CURRENT_PROJECT_VERSION = 1;
				DEVELOPMENT_TEAM = CCVJR9P725;
				GENERATE_INFOPLIST_FILE = YES;
				IPHONEOS_DEPLOYMENT_TARGET = 18.2;
				MACOSX_DEPLOYMENT_TARGET = 15.2;
				MARKETING_VERSION = 1.0;
				PRODUCT_BUNDLE_IDENTIFIER = "com.app.ftf.First-thing-firstUITests";
				PRODUCT_NAME = "$(TARGET_NAME)";
				SDKROOT = auto;
				SUPPORTED_PLATFORMS = "iphoneos iphonesimulator macosx xros xrsimulator";
				SWIFT_EMIT_LOC_STRINGS = NO;
				SWIFT_VERSION = 5.0;
				TARGETED_DEVICE_FAMILY = "1,2,7";
				TEST_TARGET_NAME = "First thing first";
				XROS_DEPLOYMENT_TARGET = 2.2;
			};
			name = Debug;
		};
		10E22BA42D5748D200F94A6E /* Release */ = {
			isa = XCBuildConfiguration;
			buildSettings = {
				CODE_SIGN_STYLE = Automatic;
				CURRENT_PROJECT_VERSION = 1;
				DEVELOPMENT_TEAM = CCVJR9P725;
				GENERATE_INFOPLIST_FILE = YES;
				IPHONEOS_DEPLOYMENT_TARGET = 18.2;
				MACOSX_DEPLOYMENT_TARGET = 15.2;
				MARKETING_VERSION = 1.0;
				PRODUCT_BUNDLE_IDENTIFIER = "com.app.ftf.First-thing-firstUITests";
				PRODUCT_NAME = "$(TARGET_NAME)";
				SDKROOT = auto;
				SUPPORTED_PLATFORMS = "iphoneos iphonesimulator macosx xros xrsimulator";
				SWIFT_EMIT_LOC_STRINGS = NO;
				SWIFT_VERSION = 5.0;
				TARGETED_DEVICE_FAMILY = "1,2,7";
				TEST_TARGET_NAME = "First thing first";
				XROS_DEPLOYMENT_TARGET = 2.2;
			};
			name = Release;
		};
/* End XCBuildConfiguration section */

/* Begin XCConfigurationList section */
		10E22B6E2D5748CF00F94A6E /* Build configuration list for PBXProject "First thing first" */ = {
			isa = XCConfigurationList;
			buildConfigurations = (
				10E22B9D2D5748D200F94A6E /* Debug */,
				10E22B9E2D5748D200F94A6E /* Release */,
			);
			defaultConfigurationIsVisible = 0;
			defaultConfigurationName = Release;
		};
		10E22B9A2D5748D200F94A6E /* Build configuration list for PBXNativeTarget "First thing first" */ = {
			isa = XCConfigurationList;
			buildConfigurations = (
				10E22B9B2D5748D200F94A6E /* Debug */,
				10E22B9C2D5748D200F94A6E /* Release */,
			);
			defaultConfigurationIsVisible = 0;
			defaultConfigurationName = Release;
		};
		10E22B9F2D5748D200F94A6E /* Build configuration list for PBXNativeTarget "First thing firstTests" */ = {
			isa = XCConfigurationList;
			buildConfigurations = (
				10E22BA02D5748D200F94A6E /* Debug */,
				10E22BA12D5748D200F94A6E /* Release */,
			);
			defaultConfigurationIsVisible = 0;
			defaultConfigurationName = Release;
		};
		10E22BA22D5748D200F94A6E /* Build configuration list for PBXNativeTarget "First thing firstUITests" */ = {
			isa = XCConfigurationList;
			buildConfigurations = (
				10E22BA32D5748D200F94A6E /* Debug */,
				10E22BA42D5748D200F94A6E /* Release */,
			);
			defaultConfigurationIsVisible = 0;
			defaultConfigurationName = Release;
		};
/* End XCConfigurationList section */
	};
	rootObject = 10E22B6B2D5748CF00F94A6E /* Project object */;
}
